
Microsoft Visual Studio Solution File, Format Version 12.00
# Visual Studio Version 16
VisualStudioVersion = 16.0.30114.105
MinimumVisualStudioVersion = 10.0.40219.1
Project("{9A19103F-16F7-4668-BE54-9A1E7A4F7556}") = "VRChatAPI", "VRChatAPI\VRChatAPI.csproj", "{A469A283-F72A-4212-A718-2429FF06D14F}"
EndProject
Project("{9A19103F-16F7-4668-BE54-9A1E7A4F7556}") = "TestClient", "TestClient\TestClient.csproj", "{84D1F2F5-0322-474E-9E4A-9646465E90E5}"
EndProject
Project("{FAE04EC0-301F-11D3-BF4B-00C04F79EFBC}") = "VRChatAPI.Tests", "VRChatAPI.Tests\VRChatAPI.Tests.csproj", "{FF4D0DF4-B013-46F8-837C-690A39120CC5}"
EndProject
Global
	GlobalSection(SolutionConfigurationPlatforms) = preSolution
		Debug|Any CPU = Debug|Any CPU
		Debug|x64 = Debug|x64
		Debug|x86 = Debug|x86
		Release|Any CPU = Release|Any CPU
		Release|x64 = Release|x64
		Release|x86 = Release|x86
	EndGlobalSection
	GlobalSection(ProjectConfigurationPlatforms) = postSolution
		{A469A283-F72A-4212-A718-2429FF06D14F}.Debug|Any CPU.ActiveCfg = Debug|Any CPU
		{A469A283-F72A-4212-A718-2429FF06D14F}.Debug|Any CPU.Build.0 = Debug|Any CPU
		{A469A283-F72A-4212-A718-2429FF06D14F}.Debug|x64.ActiveCfg = Debug|Any CPU
		{A469A283-F72A-4212-A718-2429FF06D14F}.Debug|x64.Build.0 = Debug|Any CPU
		{A469A283-F72A-4212-A718-2429FF06D14F}.Debug|x86.ActiveCfg = Debug|Any CPU
		{A469A283-F72A-4212-A718-2429FF06D14F}.Debug|x86.Build.0 = Debug|Any CPU
		{A469A283-F72A-4212-A718-2429FF06D14F}.Release|Any CPU.ActiveCfg = Release|Any CPU
		{A469A283-F72A-4212-A718-2429FF06D14F}.Release|Any CPU.Build.0 = Release|Any CPU
		{A469A283-F72A-4212-A718-2429FF06D14F}.Release|x64.ActiveCfg = Release|Any CPU
		{A469A283-F72A-4212-A718-2429FF06D14F}.Release|x64.Build.0 = Release|Any CPU
		{A469A283-F72A-4212-A718-2429FF06D14F}.Release|x86.ActiveCfg = Release|Any CPU
		{A469A283-F72A-4212-A718-2429FF06D14F}.Release|x86.Build.0 = Release|Any CPU
		{84D1F2F5-0322-474E-9E4A-9646465E90E5}.Debug|Any CPU.ActiveCfg = Debug|Any CPU
		{84D1F2F5-0322-474E-9E4A-9646465E90E5}.Debug|Any CPU.Build.0 = Debug|Any CPU
		{84D1F2F5-0322-474E-9E4A-9646465E90E5}.Debug|x64.ActiveCfg = Debug|Any CPU
		{84D1F2F5-0322-474E-9E4A-9646465E90E5}.Debug|x64.Build.0 = Debug|Any CPU
		{84D1F2F5-0322-474E-9E4A-9646465E90E5}.Debug|x86.ActiveCfg = Debug|Any CPU
		{84D1F2F5-0322-474E-9E4A-9646465E90E5}.Debug|x86.Build.0 = Debug|Any CPU
		{84D1F2F5-0322-474E-9E4A-9646465E90E5}.Release|Any CPU.ActiveCfg = Release|Any CPU
		{84D1F2F5-0322-474E-9E4A-9646465E90E5}.Release|Any CPU.Build.0 = Release|Any CPU
		{84D1F2F5-0322-474E-9E4A-9646465E90E5}.Release|x64.ActiveCfg = Release|Any CPU
		{84D1F2F5-0322-474E-9E4A-9646465E90E5}.Release|x64.Build.0 = Release|Any CPU
		{84D1F2F5-0322-474E-9E4A-9646465E90E5}.Release|x86.ActiveCfg = Release|Any CPU
		{84D1F2F5-0322-474E-9E4A-9646465E90E5}.Release|x86.Build.0 = Release|Any CPU
		{FF4D0DF4-B013-46F8-837C-690A39120CC5}.Debug|Any CPU.ActiveCfg = Debug|Any CPU
		{FF4D0DF4-B013-46F8-837C-690A39120CC5}.Debug|Any CPU.Build.0 = Debug|Any CPU
		{FF4D0DF4-B013-46F8-837C-690A39120CC5}.Debug|x64.ActiveCfg = Debug|Any CPU
		{FF4D0DF4-B013-46F8-837C-690A39120CC5}.Debug|x64.Build.0 = Debug|Any CPU
		{FF4D0DF4-B013-46F8-837C-690A39120CC5}.Debug|x86.ActiveCfg = Debug|Any CPU
		{FF4D0DF4-B013-46F8-837C-690A39120CC5}.Debug|x86.Build.0 = Debug|Any CPU
		{FF4D0DF4-B013-46F8-837C-690A39120CC5}.Release|Any CPU.ActiveCfg = Release|Any CPU
		{FF4D0DF4-B013-46F8-837C-690A39120CC5}.Release|Any CPU.Build.0 = Release|Any CPU
		{FF4D0DF4-B013-46F8-837C-690A39120CC5}.Release|x64.ActiveCfg = Release|Any CPU
		{FF4D0DF4-B013-46F8-837C-690A39120CC5}.Release|x64.Build.0 = Release|Any CPU
		{FF4D0DF4-B013-46F8-837C-690A39120CC5}.Release|x86.ActiveCfg = Release|Any CPU
		{FF4D0DF4-B013-46F8-837C-690A39120CC5}.Release|x86.Build.0 = Release|Any CPU
	EndGlobalSection
	GlobalSection(SolutionProperties) = preSolution
		HideSolutionNode = FALSE
	EndGlobalSection
	GlobalSection(ExtensibilityGlobals) = postSolution
		SolutionGuid = {765B0249-1FC7-4A29-884C-D10D633625F8}
	EndGlobalSection
EndGlobal
